// !$*UTF8*$!
{
	archiveVersion = 1;
	classes = {
	};
	objectVersion = 51;
	objects = {

/* Begin PBXBuildFile section */
		52D7EA3A6BAD272209BB872D /* Pods_googleCalendar.framework in Frameworks */ = {isa = PBXBuildFile; fileRef = 5F446ACC0CAF6A2C09A74549 /* Pods_googleCalendar.framework */; };
		BB542FBE243C32E600B518EA /* GoogleSignInController.swift in Sources */ = {isa = PBXBuildFile; fileRef = BB542FBD243C32E600B518EA /* GoogleSignInController.swift */; };
		BB82C711243B861000903ED7 /* AppDelegate.swift in Sources */ = {isa = PBXBuildFile; fileRef = BB82C710243B861000903ED7 /* AppDelegate.swift */; };
		BB82C713243B861000903ED7 /* SceneDelegate.swift in Sources */ = {isa = PBXBuildFile; fileRef = BB82C712243B861000903ED7 /* SceneDelegate.swift */; };
		BB82C715243B861000903ED7 /* ViewController.swift in Sources */ = {isa = PBXBuildFile; fileRef = BB82C714243B861000903ED7 /* ViewController.swift */; };
		BB82C718243B861000903ED7 /* Main.storyboard in Resources */ = {isa = PBXBuildFile; fileRef = BB82C716243B861000903ED7 /* Main.storyboard */; };
		BB82C71A243B861500903ED7 /* Assets.xcassets in Resources */ = {isa = PBXBuildFile; fileRef = BB82C719243B861500903ED7 /* Assets.xcassets */; };
		BB82C71D243B861500903ED7 /* LaunchScreen.storyboard in Resources */ = {isa = PBXBuildFile; fileRef = BB82C71B243B861500903ED7 /* LaunchScreen.storyboard */; };
		BBAB3BB6245B259400D7ABB7 /* getCalendarList.swift in Sources */ = {isa = PBXBuildFile; fileRef = BBAB3BB5245B259400D7ABB7 /* getCalendarList.swift */; };
		BBAB3BB8245B25A100D7ABB7 /* getCalendarListRepository.swift in Sources */ = {isa = PBXBuildFile; fileRef = BBAB3BB7245B25A100D7ABB7 /* getCalendarListRepository.swift */; };
		BBE1B2DE2459EA5600C4B1EE /* calendarList.swift in Sources */ = {isa = PBXBuildFile; fileRef = BBE1B2DD2459EA5600C4B1EE /* calendarList.swift */; };
		BBE1B2E22459F0D500C4B1EE /* failures.swift in Sources */ = {isa = PBXBuildFile; fileRef = BBE1B2E12459F0D500C4B1EE /* failures.swift */; };
/* End PBXBuildFile section */

/* Begin PBXFileReference section */
		5D14023D6704E567FC2CF1C3 /* Pods-googleCalendar.debug.xcconfig */ = {isa = PBXFileReference; includeInIndex = 1; lastKnownFileType = text.xcconfig; name = "Pods-googleCalendar.debug.xcconfig"; path = "Target Support Files/Pods-googleCalendar/Pods-googleCalendar.debug.xcconfig"; sourceTree = "<group>"; };
		5F446ACC0CAF6A2C09A74549 /* Pods_googleCalendar.framework */ = {isa = PBXFileReference; explicitFileType = wrapper.framework; includeInIndex = 0; path = Pods_googleCalendar.framework; sourceTree = BUILT_PRODUCTS_DIR; };
		624ED08D0179504A069F7A33 /* Pods-googleCalendar.release.xcconfig */ = {isa = PBXFileReference; includeInIndex = 1; lastKnownFileType = text.xcconfig; name = "Pods-googleCalendar.release.xcconfig"; path = "Target Support Files/Pods-googleCalendar/Pods-googleCalendar.release.xcconfig"; sourceTree = "<group>"; };
		BB542FBD243C32E600B518EA /* GoogleSignInController.swift */ = {isa = PBXFileReference; lastKnownFileType = sourcecode.swift; path = GoogleSignInController.swift; sourceTree = "<group>"; };
		BB82C70D243B861000903ED7 /* googleCalendar.app */ = {isa = PBXFileReference; explicitFileType = wrapper.application; includeInIndex = 0; path = googleCalendar.app; sourceTree = BUILT_PRODUCTS_DIR; };
		BB82C710243B861000903ED7 /* AppDelegate.swift */ = {isa = PBXFileReference; lastKnownFileType = sourcecode.swift; path = AppDelegate.swift; sourceTree = "<group>"; };
		BB82C712243B861000903ED7 /* SceneDelegate.swift */ = {isa = PBXFileReference; lastKnownFileType = sourcecode.swift; path = SceneDelegate.swift; sourceTree = "<group>"; };
		BB82C714243B861000903ED7 /* ViewController.swift */ = {isa = PBXFileReference; lastKnownFileType = sourcecode.swift; path = ViewController.swift; sourceTree = "<group>"; };
		BB82C717243B861000903ED7 /* Base */ = {isa = PBXFileReference; lastKnownFileType = file.storyboard; name = Base; path = Base.lproj/Main.storyboard; sourceTree = "<group>"; };
		BB82C719243B861500903ED7 /* Assets.xcassets */ = {isa = PBXFileReference; lastKnownFileType = folder.assetcatalog; path = Assets.xcassets; sourceTree = "<group>"; };
		BB82C71C243B861500903ED7 /* Base */ = {isa = PBXFileReference; lastKnownFileType = file.storyboard; name = Base; path = Base.lproj/LaunchScreen.storyboard; sourceTree = "<group>"; };
		BB82C71E243B861500903ED7 /* Info.plist */ = {isa = PBXFileReference; lastKnownFileType = text.plist.xml; path = Info.plist; sourceTree = "<group>"; };
		BBAB3BB5245B259400D7ABB7 /* getCalendarList.swift */ = {isa = PBXFileReference; fileEncoding = 4; lastKnownFileType = sourcecode.swift; path = getCalendarList.swift; sourceTree = "<group>"; };
		BBAB3BB7245B25A100D7ABB7 /* getCalendarListRepository.swift */ = {isa = PBXFileReference; fileEncoding = 4; lastKnownFileType = sourcecode.swift; path = getCalendarListRepository.swift; sourceTree = "<group>"; };
		BBE1B2DD2459EA5600C4B1EE /* calendarList.swift */ = {isa = PBXFileReference; lastKnownFileType = sourcecode.swift; path = calendarList.swift; sourceTree = "<group>"; };
		BBE1B2E12459F0D500C4B1EE /* failures.swift */ = {isa = PBXFileReference; lastKnownFileType = sourcecode.swift; path = failures.swift; sourceTree = "<group>"; };
/* End PBXFileReference section */

/* Begin PBXFrameworksBuildPhase section */
		BB82C70A243B861000903ED7 /* Frameworks */ = {
			isa = PBXFrameworksBuildPhase;
			buildActionMask = 2147483647;
			files = (
				52D7EA3A6BAD272209BB872D /* Pods_googleCalendar.framework in Frameworks */,
			);
			runOnlyForDeploymentPostprocessing = 0;
		};
/* End PBXFrameworksBuildPhase section */

/* Begin PBXGroup section */
		51FF88931EF15637ABC945F8 /* Pods */ = {
			isa = PBXGroup;
			children = (
				5D14023D6704E567FC2CF1C3 /* Pods-googleCalendar.debug.xcconfig */,
				624ED08D0179504A069F7A33 /* Pods-googleCalendar.release.xcconfig */,
			);
			path = Pods;
			sourceTree = "<group>";
		};
		BB82C704243B861000903ED7 = {
			isa = PBXGroup;
			children = (
				BBE1B2DF2459F0AA00C4B1EE /* core */,
				BB82C70F243B861000903ED7 /* googleCalendar */,
				BB82C70E243B861000903ED7 /* Products */,
				51FF88931EF15637ABC945F8 /* Pods */,
				DB1EDA254E72B7C4C4CFE39F /* Frameworks */,
			);
			sourceTree = "<group>";
		};
		BB82C70E243B861000903ED7 /* Products */ = {
			isa = PBXGroup;
			children = (
				BB82C70D243B861000903ED7 /* googleCalendar.app */,
			);
			name = Products;
			sourceTree = "<group>";
		};
		BB82C70F243B861000903ED7 /* googleCalendar */ = {
			isa = PBXGroup;
			children = (
				BBE1B2D22459DE1300C4B1EE /* presentation */,
				BBE1B2D12459DE0C00C4B1EE /* data */,
				BBE1B2D02459DDF000C4B1EE /* domain */,
				BB542FBD243C32E600B518EA /* GoogleSignInController.swift */,
				BB82C710243B861000903ED7 /* AppDelegate.swift */,
				BB82C712243B861000903ED7 /* SceneDelegate.swift */,
				BB82C714243B861000903ED7 /* ViewController.swift */,
				BB82C716243B861000903ED7 /* Main.storyboard */,
				BB82C719243B861500903ED7 /* Assets.xcassets */,
				BB82C71B243B861500903ED7 /* LaunchScreen.storyboard */,
				BB82C71E243B861500903ED7 /* Info.plist */,
			);
			path = googleCalendar;
			sourceTree = "<group>";
		};
		BBE1B2D02459DDF000C4B1EE /* domain */ = {
			isa = PBXGroup;
			children = (
				BBE1B2D52459DE4900C4B1EE /* usecases */,
				BBE1B2D42459DE3900C4B1EE /* repositories */,
				BBE1B2D32459DE2F00C4B1EE /* entities */,
			);
			path = domain;
			sourceTree = "<group>";
		};
		BBE1B2D12459DE0C00C4B1EE /* data */ = {
			isa = PBXGroup;
			children = (
				BBE1B2DC2459DE9400C4B1EE /* repositories */,
				BBE1B2DB2459DE8E00C4B1EE /* models */,
				BBE1B2DA2459DE8400C4B1EE /* datasources */,
			);
			path = data;
			sourceTree = "<group>";
		};
		BBE1B2D22459DE1300C4B1EE /* presentation */ = {
			isa = PBXGroup;
			children = (
				BBE1B2D92459DE7500C4B1EE /* widgets */,
				BBE1B2D72459DE6600C4B1EE /* pages */,
				BBE1B2D62459DE5A00C4B1EE /* bloc */,
			);
			path = presentation;
			sourceTree = "<group>";
		};
		BBE1B2D32459DE2F00C4B1EE /* entities */ = {
			isa = PBXGroup;
			children = (
				BBE1B2DD2459EA5600C4B1EE /* calendarList.swift */,
			);
			path = entities;
			sourceTree = "<group>";
		};
		BBE1B2D42459DE3900C4B1EE /* repositories */ = {
			isa = PBXGroup;
			children = (
				BBAB3BB7245B25A100D7ABB7 /* getCalendarListRepository.swift */,
			);
			path = repositories;
			sourceTree = "<group>";
		};
		BBE1B2D52459DE4900C4B1EE /* usecases */ = {
			isa = PBXGroup;
			children = (
				BBAB3BB5245B259400D7ABB7 /* getCalendarList.swift */,
			);
			path = usecases;
			sourceTree = "<group>";
		};
		BBE1B2D62459DE5A00C4B1EE /* bloc */ = {
			isa = PBXGroup;
			children = (
			);
			path = bloc;
			sourceTree = "<group>";
		};
		BBE1B2D72459DE6600C4B1EE /* pages */ = {
			isa = PBXGroup;
			children = (
			);
			path = pages;
			sourceTree = "<group>";
		};
		BBE1B2D92459DE7500C4B1EE /* widgets */ = {
			isa = PBXGroup;
			children = (
			);
			path = widgets;
			sourceTree = "<group>";
		};
		BBE1B2DA2459DE8400C4B1EE /* datasources */ = {
			isa = PBXGroup;
			children = (
			);
			path = datasources;
			sourceTree = "<group>";
		};
		BBE1B2DB2459DE8E00C4B1EE /* models */ = {
			isa = PBXGroup;
			children = (
			);
			path = models;
			sourceTree = "<group>";
		};
		BBE1B2DC2459DE9400C4B1EE /* repositories */ = {
			isa = PBXGroup;
			children = (
			);
			path = repositories;
			sourceTree = "<group>";
		};
		BBE1B2DF2459F0AA00C4B1EE /* core */ = {
			isa = PBXGroup;
			children = (
				BBE1B2E02459F0BC00C4B1EE /* error */,
			);
			path = core;
			sourceTree = "<group>";
		};
		BBE1B2E02459F0BC00C4B1EE /* error */ = {
			isa = PBXGroup;
			children = (
				BBE1B2E12459F0D500C4B1EE /* failures.swift */,
			);
			path = error;
			sourceTree = "<group>";
		};
		DB1EDA254E72B7C4C4CFE39F /* Frameworks */ = {
			isa = PBXGroup;
			children = (
				5F446ACC0CAF6A2C09A74549 /* Pods_googleCalendar.framework */,
			);
			name = Frameworks;
			sourceTree = "<group>";
		};
/* End PBXGroup section */

/* Begin PBXNativeTarget section */
		BB82C70C243B861000903ED7 /* googleCalendar */ = {
			isa = PBXNativeTarget;
			buildConfigurationList = BB82C721243B861500903ED7 /* Build configuration list for PBXNativeTarget "googleCalendar" */;
			buildPhases = (
				457757B1FAFBE64F3BA5ED91 /* [CP] Check Pods Manifest.lock */,
				BB82C709243B861000903ED7 /* Sources */,
				BB82C70A243B861000903ED7 /* Frameworks */,
				BB82C70B243B861000903ED7 /* Resources */,
				920D739237FBD7352C85633F /* [CP] Embed Pods Frameworks */,
				92DAA5DF9FA3FAA320CBCC70 /* [CP] Copy Pods Resources */,
			);
			buildRules = (
			);
			dependencies = (
			);
			name = googleCalendar;
			productName = googleCalendar;
			productReference = BB82C70D243B861000903ED7 /* googleCalendar.app */;
			productType = "com.apple.product-type.application";
		};
/* End PBXNativeTarget section */

/* Begin PBXProject section */
		BB82C705243B861000903ED7 /* Project object */ = {
			isa = PBXProject;
			attributes = {
				LastSwiftUpdateCheck = 1140;
				LastUpgradeCheck = 1140;
				ORGANIZATIONNAME = taitty;
				TargetAttributes = {
					BB82C70C243B861000903ED7 = {
						CreatedOnToolsVersion = 11.4;
					};
				};
			};
			buildConfigurationList = BB82C708243B861000903ED7 /* Build configuration list for PBXProject "googleCalendar" */;
			compatibilityVersion = "Xcode 9.3";
			developmentRegion = en;
			hasScannedForEncodings = 0;
			knownRegions = (
				en,
				Base,
			);
			mainGroup = BB82C704243B861000903ED7;
			productRefGroup = BB82C70E243B861000903ED7 /* Products */;
			projectDirPath = "";
			projectRoot = "";
			targets = (
				BB82C70C243B861000903ED7 /* googleCalendar */,
			);
		};
/* End PBXProject section */

/* Begin PBXResourcesBuildPhase section */
		BB82C70B243B861000903ED7 /* Resources */ = {
			isa = PBXResourcesBuildPhase;
			buildActionMask = 2147483647;
			files = (
				BB82C71D243B861500903ED7 /* LaunchScreen.storyboard in Resources */,
				BB82C71A243B861500903ED7 /* Assets.xcassets in Resources */,
				BB82C718243B861000903ED7 /* Main.storyboard in Resources */,
			);
			runOnlyForDeploymentPostprocessing = 0;
		};
/* End PBXResourcesBuildPhase section */

/* Begin PBXShellScriptBuildPhase section */
		457757B1FAFBE64F3BA5ED91 /* [CP] Check Pods Manifest.lock */ = {
			isa = PBXShellScriptBuildPhase;
			buildActionMask = 2147483647;
			files = (
			);
			inputFileListPaths = (
			);
			inputPaths = (
				"${PODS_PODFILE_DIR_PATH}/Podfile.lock",
				"${PODS_ROOT}/Manifest.lock",
			);
			name = "[CP] Check Pods Manifest.lock";
			outputFileListPaths = (
			);
			outputPaths = (
				"$(DERIVED_FILE_DIR)/Pods-googleCalendar-checkManifestLockResult.txt",
			);
			runOnlyForDeploymentPostprocessing = 0;
			shellPath = /bin/sh;
			shellScript = "diff \"${PODS_PODFILE_DIR_PATH}/Podfile.lock\" \"${PODS_ROOT}/Manifest.lock\" > /dev/null\nif [ $? != 0 ] ; then\n    # print error to STDERR\n    echo \"error: The sandbox is not in sync with the Podfile.lock. Run 'pod install' or update your CocoaPods installation.\" >&2\n    exit 1\nfi\n# This output is used by Xcode 'outputs' to avoid re-running this script phase.\necho \"SUCCESS\" > \"${SCRIPT_OUTPUT_FILE_0}\"\n";
			showEnvVarsInLog = 0;
		};
		920D739237FBD7352C85633F /* [CP] Embed Pods Frameworks */ = {
			isa = PBXShellScriptBuildPhase;
			buildActionMask = 2147483647;
			files = (
			);
			inputFileListPaths = (
				"${PODS_ROOT}/Target Support Files/Pods-googleCalendar/Pods-googleCalendar-frameworks-${CONFIGURATION}-input-files.xcfilelist",
			);
			name = "[CP] Embed Pods Frameworks";
			outputFileListPaths = (
				"${PODS_ROOT}/Target Support Files/Pods-googleCalendar/Pods-googleCalendar-frameworks-${CONFIGURATION}-output-files.xcfilelist",
			);
			runOnlyForDeploymentPostprocessing = 0;
			shellPath = /bin/sh;
			shellScript = "\"${PODS_ROOT}/Target Support Files/Pods-googleCalendar/Pods-googleCalendar-frameworks.sh\"\n";
			showEnvVarsInLog = 0;
		};
		92DAA5DF9FA3FAA320CBCC70 /* [CP] Copy Pods Resources */ = {
			isa = PBXShellScriptBuildPhase;
			buildActionMask = 2147483647;
			files = (
			);
			inputFileListPaths = (
				"${PODS_ROOT}/Target Support Files/Pods-googleCalendar/Pods-googleCalendar-resources-${CONFIGURATION}-input-files.xcfilelist",
			);
			name = "[CP] Copy Pods Resources";
			outputFileListPaths = (
				"${PODS_ROOT}/Target Support Files/Pods-googleCalendar/Pods-googleCalendar-resources-${CONFIGURATION}-output-files.xcfilelist",
			);
			runOnlyForDeploymentPostprocessing = 0;
			shellPath = /bin/sh;
			shellScript = "\"${PODS_ROOT}/Target Support Files/Pods-googleCalendar/Pods-googleCalendar-resources.sh\"\n";
			showEnvVarsInLog = 0;
		};
/* End PBXShellScriptBuildPhase section */

/* Begin PBXSourcesBuildPhase section */
		BB82C709243B861000903ED7 /* Sources */ = {
			isa = PBXSourcesBuildPhase;
			buildActionMask = 2147483647;
			files = (
				BBAB3BB8245B25A100D7ABB7 /* getCalendarListRepository.swift in Sources */,
				BB542FBE243C32E600B518EA /* GoogleSignInController.swift in Sources */,
				BB82C715243B861000903ED7 /* ViewController.swift in Sources */,
				BB82C711243B861000903ED7 /* AppDelegate.swift in Sources */,
				BBE1B2DE2459EA5600C4B1EE /* calendarList.swift in Sources */,
				BBE1B2E22459F0D500C4B1EE /* failures.swift in Sources */,
				BB82C713243B861000903ED7 /* SceneDelegate.swift in Sources */,
				BBAB3BB6245B259400D7ABB7 /* getCalendarList.swift in Sources */,
			);
			runOnlyForDeploymentPostprocessing = 0;
		};
/* End PBXSourcesBuildPhase section */

/* Begin PBXVariantGroup section */
		BB82C716243B861000903ED7 /* Main.storyboard */ = {
			isa = PBXVariantGroup;
			children = (
				BB82C717243B861000903ED7 /* Base */,
			);
			name = Main.storyboard;
			sourceTree = "<group>";
		};
		BB82C71B243B861500903ED7 /* LaunchScreen.storyboard */ = {
			isa = PBXVariantGroup;
			children = (
				BB82C71C243B861500903ED7 /* Base */,
			);
			name = LaunchScreen.storyboard;
			sourceTree = "<group>";
		};
/* End PBXVariantGroup section */

/* Begin XCBuildConfiguration section */
		BB82C71F243B861500903ED7 /* Debug */ = {
			isa = XCBuildConfiguration;
			buildSettings = {
				ALWAYS_SEARCH_USER_PATHS = NO;
				CLANG_ANALYZER_NONNULL = YES;
				CLANG_ANALYZER_NUMBER_OBJECT_CONVERSION = YES_AGGRESSIVE;
				CLANG_CXX_LANGUAGE_STANDARD = "gnu++14";
				CLANG_CXX_LIBRARY = "libc++";
				CLANG_ENABLE_MODULES = YES;
				CLANG_ENABLE_OBJC_ARC = YES;
				CLANG_ENABLE_OBJC_WEAK = YES;
				CLANG_WARN_BLOCK_CAPTURE_AUTORELEASING = YES;
				CLANG_WARN_BOOL_CONVERSION = YES;
				CLANG_WARN_COMMA = YES;
				CLANG_WARN_CONSTANT_CONVERSION = YES;
				CLANG_WARN_DEPRECATED_OBJC_IMPLEMENTATIONS = YES;
				CLANG_WARN_DIRECT_OBJC_ISA_USAGE = YES_ERROR;
				CLANG_WARN_DOCUMENTATION_COMMENTS = YES;
				CLANG_WARN_EMPTY_BODY = YES;
				CLANG_WARN_ENUM_CONVERSION = YES;
				CLANG_WARN_INFINITE_RECURSION = YES;
				CLANG_WARN_INT_CONVERSION = YES;
				CLANG_WARN_NON_LITERAL_NULL_CONVERSION = YES;
				CLANG_WARN_OBJC_IMPLICIT_RETAIN_SELF = YES;
				CLANG_WARN_OBJC_LITERAL_CONVERSION = YES;
				CLANG_WARN_OBJC_ROOT_CLASS = YES_ERROR;
				CLANG_WARN_RANGE_LOOP_ANALYSIS = YES;
				CLANG_WARN_STRICT_PROTOTYPES = YES;
				CLANG_WARN_SUSPICIOUS_MOVE = YES;
				CLANG_WARN_UNGUARDED_AVAILABILITY = YES_AGGRESSIVE;
				CLANG_WARN_UNREACHABLE_CODE = YES;
				CLANG_WARN__DUPLICATE_METHOD_MATCH = YES;
				COPY_PHASE_STRIP = NO;
				DEBUG_INFORMATION_FORMAT = dwarf;
				ENABLE_STRICT_OBJC_MSGSEND = YES;
				ENABLE_TESTABILITY = YES;
				GCC_C_LANGUAGE_STANDARD = gnu11;
				GCC_DYNAMIC_NO_PIC = NO;
				GCC_NO_COMMON_BLOCKS = YES;
				GCC_OPTIMIZATION_LEVEL = 0;
				GCC_PREPROCESSOR_DEFINITIONS = (
					"DEBUG=1",
					"$(inherited)",
				);
				GCC_WARN_64_TO_32_BIT_CONVERSION = YES;
				GCC_WARN_ABOUT_RETURN_TYPE = YES_ERROR;
				GCC_WARN_UNDECLARED_SELECTOR = YES;
				GCC_WARN_UNINITIALIZED_AUTOS = YES_AGGRESSIVE;
				GCC_WARN_UNUSED_FUNCTION = YES;
				GCC_WARN_UNUSED_VARIABLE = YES;
				IPHONEOS_DEPLOYMENT_TARGET = 13.4;
				MTL_ENABLE_DEBUG_INFO = INCLUDE_SOURCE;
				MTL_FAST_MATH = YES;
				ONLY_ACTIVE_ARCH = YES;
				SDKROOT = iphoneos;
				SWIFT_ACTIVE_COMPILATION_CONDITIONS = DEBUG;
				SWIFT_OPTIMIZATION_LEVEL = "-Onone";
			};
			name = Debug;
		};
		BB82C720243B861500903ED7 /* Release */ = {
			isa = XCBuildConfiguration;
			buildSettings = {
				ALWAYS_SEARCH_USER_PATHS = NO;
				CLANG_ANALYZER_NONNULL = YES;
				CLANG_ANALYZER_NUMBER_OBJECT_CONVERSION = YES_AGGRESSIVE;
				CLANG_CXX_LANGUAGE_STANDARD = "gnu++14";
				CLANG_CXX_LIBRARY = "libc++";
				CLANG_ENABLE_MODULES = YES;
				CLANG_ENABLE_OBJC_ARC = YES;
				CLANG_ENABLE_OBJC_WEAK = YES;
				CLANG_WARN_BLOCK_CAPTURE_AUTORELEASING = YES;
				CLANG_WARN_BOOL_CONVERSION = YES;
				CLANG_WARN_COMMA = YES;
				CLANG_WARN_CONSTANT_CONVERSION = YES;
				CLANG_WARN_DEPRECATED_OBJC_IMPLEMENTATIONS = YES;
				CLANG_WARN_DIRECT_OBJC_ISA_USAGE = YES_ERROR;
				CLANG_WARN_DOCUMENTATION_COMMENTS = YES;
				CLANG_WARN_EMPTY_BODY = YES;
				CLANG_WARN_ENUM_CONVERSION = YES;
				CLANG_WARN_INFINITE_RECURSION = YES;
				CLANG_WARN_INT_CONVERSION = YES;
				CLANG_WARN_NON_LITERAL_NULL_CONVERSION = YES;
				CLANG_WARN_OBJC_IMPLICIT_RETAIN_SELF = YES;
				CLANG_WARN_OBJC_LITERAL_CONVERSION = YES;
				CLANG_WARN_OBJC_ROOT_CLASS = YES_ERROR;
				CLANG_WARN_RANGE_LOOP_ANALYSIS = YES;
				CLANG_WARN_STRICT_PROTOTYPES = YES;
				CLANG_WARN_SUSPICIOUS_MOVE = YES;
				CLANG_WARN_UNGUARDED_AVAILABILITY = YES_AGGRESSIVE;
				CLANG_WARN_UNREACHABLE_CODE = YES;
				CLANG_WARN__DUPLICATE_METHOD_MATCH = YES;
				COPY_PHASE_STRIP = NO;
				DEBUG_INFORMATION_FORMAT = "dwarf-with-dsym";
				ENABLE_NS_ASSERTIONS = NO;
				ENABLE_STRICT_OBJC_MSGSEND = YES;
				GCC_C_LANGUAGE_STANDARD = gnu11;
				GCC_NO_COMMON_BLOCKS = YES;
				GCC_WARN_64_TO_32_BIT_CONVERSION = YES;
				GCC_WARN_ABOUT_RETURN_TYPE = YES_ERROR;
				GCC_WARN_UNDECLARED_SELECTOR = YES;
				GCC_WARN_UNINITIALIZED_AUTOS = YES_AGGRESSIVE;
				GCC_WARN_UNUSED_FUNCTION = YES;
				GCC_WARN_UNUSED_VARIABLE = YES;
				IPHONEOS_DEPLOYMENT_TARGET = 13.4;
				MTL_ENABLE_DEBUG_INFO = NO;
				MTL_FAST_MATH = YES;
				SDKROOT = iphoneos;
				SWIFT_COMPILATION_MODE = wholemodule;
				SWIFT_OPTIMIZATION_LEVEL = "-O";
				VALIDATE_PRODUCT = YES;
			};
			name = Release;
		};
		BB82C722243B861500903ED7 /* Debug */ = {
			isa = XCBuildConfiguration;
			baseConfigurationReference = 5D14023D6704E567FC2CF1C3 /* Pods-googleCalendar.debug.xcconfig */;
			buildSettings = {
				ASSETCATALOG_COMPILER_APPICON_NAME = AppIcon;
				CODE_SIGN_STYLE = Automatic;
				DEVELOPMENT_TEAM = F2AV4Z5C23;
				INFOPLIST_FILE = googleCalendar/Info.plist;
				LD_RUNPATH_SEARCH_PATHS = (
					"$(inherited)",
					"@executable_path/Frameworks",
				);
				PRODUCT_BUNDLE_IDENTIFIER = com.taitty.googleCalendar;
				PRODUCT_NAME = "$(TARGET_NAME)";
				SWIFT_VERSION = 5.0;
				TARGETED_DEVICE_FAMILY = "1,2";
			};
			name = Debug;
		};
		BB82C723243B861500903ED7 /* Release */ = {
			isa = XCBuildConfiguration;
			baseConfigurationReference = 624ED08D0179504A069F7A33 /* Pods-googleCalendar.release.xcconfig */;
			buildSettings = {
				ASSETCATALOG_COMPILER_APPICON_NAME = AppIcon;
				CODE_SIGN_STYLE = Automatic;
				DEVELOPMENT_TEAM = F2AV4Z5C23;
				INFOPLIST_FILE = googleCalendar/Info.plist;
				LD_RUNPATH_SEARCH_PATHS = (
					"$(inherited)",
					"@executable_path/Frameworks",
				);
				PRODUCT_BUNDLE_IDENTIFIER = com.taitty.googleCalendar;
				PRODUCT_NAME = "$(TARGET_NAME)";
				SWIFT_VERSION = 5.0;
				TARGETED_DEVICE_FAMILY = "1,2";
			};
			name = Release;
		};
/* End XCBuildConfiguration section */

/* Begin XCConfigurationList section */
		BB82C708243B861000903ED7 /* Build configuration list for PBXProject "googleCalendar" */ = {
			isa = XCConfigurationList;
			buildConfigurations = (
				BB82C71F243B861500903ED7 /* Debug */,
				BB82C720243B861500903ED7 /* Release */,
			);
			defaultConfigurationIsVisible = 0;
			defaultConfigurationName = Release;
		};
		BB82C721243B861500903ED7 /* Build configuration list for PBXNativeTarget "googleCalendar" */ = {
			isa = XCConfigurationList;
			buildConfigurations = (
				BB82C722243B861500903ED7 /* Debug */,
				BB82C723243B861500903ED7 /* Release */,
			);
			defaultConfigurationIsVisible = 0;
			defaultConfigurationName = Release;
		};
/* End XCConfigurationList section */
	};
	rootObject = BB82C705243B861000903ED7 /* Project object */;
}
